// !$*UTF8*$!
{
	archiveVersion = 1;
	classes = {
	};
	objectVersion = 48;
	objects = {

/* Begin PBXBuildFile section */
		7D6F27011FB3CD8800EB2A1D /* AppDelegate.swift in Sources */ = {isa = PBXBuildFile; fileRef = 7D6F27001FB3CD8800EB2A1D /* AppDelegate.swift */; };
		7D6F27031FB3CD8800EB2A1D /* ViewController.swift in Sources */ = {isa = PBXBuildFile; fileRef = 7D6F27021FB3CD8800EB2A1D /* ViewController.swift */; };
		7D6F27061FB3CD8800EB2A1D /* Main.storyboard in Resources */ = {isa = PBXBuildFile; fileRef = 7D6F27041FB3CD8800EB2A1D /* Main.storyboard */; };
		7D6F27081FB3CD8800EB2A1D /* Assets.xcassets in Resources */ = {isa = PBXBuildFile; fileRef = 7D6F27071FB3CD8800EB2A1D /* Assets.xcassets */; };
		7D6F270B1FB3CD8800EB2A1D /* LaunchScreen.storyboard in Resources */ = {isa = PBXBuildFile; fileRef = 7D6F27091FB3CD8800EB2A1D /* LaunchScreen.storyboard */; };
		7D6F27151FB3D7BA00EB2A1D /* Ship + ShipName.swift in Sources */ = {isa = PBXBuildFile; fileRef = 7D6F27141FB3D7BA00EB2A1D /* Ship + ShipName.swift */; };
		7D9B5B641FB515800042F356 /* Combat Functions.swift in Sources */ = {isa = PBXBuildFile; fileRef = 7D9B5B631FB515800042F356 /* Combat Functions.swift */; };
/* End PBXBuildFile section */

/* Begin PBXFileReference section */
		7D6F26FD1FB3CD8800EB2A1D /* Asim.app */ = {isa = PBXFileReference; explicitFileType = wrapper.application; includeInIndex = 0; path = Asim.app; sourceTree = BUILT_PRODUCTS_DIR; };
		7D6F27001FB3CD8800EB2A1D /* AppDelegate.swift */ = {isa = PBXFileReference; lastKnownFileType = sourcecode.swift; path = AppDelegate.swift; sourceTree = "<group>"; };
		7D6F27021FB3CD8800EB2A1D /* ViewController.swift */ = {isa = PBXFileReference; lastKnownFileType = sourcecode.swift; path = ViewController.swift; sourceTree = "<group>"; };
		7D6F27051FB3CD8800EB2A1D /* Base */ = {isa = PBXFileReference; lastKnownFileType = file.storyboard; name = Base; path = Base.lproj/Main.storyboard; sourceTree = "<group>"; };
		7D6F27071FB3CD8800EB2A1D /* Assets.xcassets */ = {isa = PBXFileReference; lastKnownFileType = folder.assetcatalog; path = Assets.xcassets; sourceTree = "<group>"; };
		7D6F270A1FB3CD8800EB2A1D /* Base */ = {isa = PBXFileReference; lastKnownFileType = file.storyboard; name = Base; path = Base.lproj/LaunchScreen.storyboard; sourceTree = "<group>"; };
		7D6F270C1FB3CD8800EB2A1D /* Info.plist */ = {isa = PBXFileReference; lastKnownFileType = text.plist.xml; path = Info.plist; sourceTree = "<group>"; };
		7D6F27141FB3D7BA00EB2A1D /* Ship + ShipName.swift */ = {isa = PBXFileReference; lastKnownFileType = sourcecode.swift; path = "Ship + ShipName.swift"; sourceTree = "<group>"; };
		7D9B5B631FB515800042F356 /* Combat Functions.swift */ = {isa = PBXFileReference; lastKnownFileType = sourcecode.swift; path = "Combat Functions.swift"; sourceTree = "<group>"; };
/* End PBXFileReference section */

/* Begin PBXFrameworksBuildPhase section */
		7D6F26FA1FB3CD8800EB2A1D /* Frameworks */ = {
			isa = PBXFrameworksBuildPhase;
			buildActionMask = 2147483647;
			files = (
			);
			runOnlyForDeploymentPostprocessing = 0;
		};
/* End PBXFrameworksBuildPhase section */

/* Begin PBXGroup section */
		7D6F26F41FB3CD8800EB2A1D = {
			isa = PBXGroup;
			children = (
				7D6F26FF1FB3CD8800EB2A1D /* Asim */,
				7D6F26FE1FB3CD8800EB2A1D /* Products */,
			);
			sourceTree = "<group>";
		};
		7D6F26FE1FB3CD8800EB2A1D /* Products */ = {
			isa = PBXGroup;
			children = (
				7D6F26FD1FB3CD8800EB2A1D /* Asim.app */,
			);
			name = Products;
			sourceTree = "<group>";
		};
		7D6F26FF1FB3CD8800EB2A1D /* Asim */ = {
			isa = PBXGroup;
			children = (
				7D6F27001FB3CD8800EB2A1D /* AppDelegate.swift */,
				7D6F27141FB3D7BA00EB2A1D /* Ship + ShipName.swift */,
				7D9B5B631FB515800042F356 /* Combat Functions.swift */,
				7D6F27021FB3CD8800EB2A1D /* ViewController.swift */,
				7D6F27041FB3CD8800EB2A1D /* Main.storyboard */,
				7D6F27071FB3CD8800EB2A1D /* Assets.xcassets */,
				7D6F27091FB3CD8800EB2A1D /* LaunchScreen.storyboard */,
				7D6F270C1FB3CD8800EB2A1D /* Info.plist */,
			);
			path = Asim;
			sourceTree = "<group>";
		};
/* End PBXGroup section */

/* Begin PBXNativeTarget section */
		7D6F26FC1FB3CD8800EB2A1D /* Asim */ = {
			isa = PBXNativeTarget;
			buildConfigurationList = 7D6F270F1FB3CD8800EB2A1D /* Build configuration list for PBXNativeTarget "Asim" */;
			buildPhases = (
				7D6F26F91FB3CD8800EB2A1D /* Sources */,
				7D6F26FA1FB3CD8800EB2A1D /* Frameworks */,
				7D6F26FB1FB3CD8800EB2A1D /* Resources */,
			);
			buildRules = (
			);
			dependencies = (
			);
			name = Asim;
			productName = Asim;
			productReference = 7D6F26FD1FB3CD8800EB2A1D /* Asim.app */;
			productType = "com.apple.product-type.application";
		};
/* End PBXNativeTarget section */

/* Begin PBXProject section */
		7D6F26F51FB3CD8800EB2A1D /* Project object */ = {
			isa = PBXProject;
			attributes = {
				LastSwiftUpdateCheck = 0910;
				LastUpgradeCheck = 0910;
				ORGANIZATIONNAME = "Antoine Weber";
				TargetAttributes = {
					7D6F26FC1FB3CD8800EB2A1D = {
						CreatedOnToolsVersion = 9.1;
						ProvisioningStyle = Automatic;
					};
				};
			};
			buildConfigurationList = 7D6F26F81FB3CD8800EB2A1D /* Build configuration list for PBXProject "Asim" */;
			compatibilityVersion = "Xcode 8.0";
			developmentRegion = en;
			hasScannedForEncodings = 0;
			knownRegions = (
				en,
				Base,
			);
			mainGroup = 7D6F26F41FB3CD8800EB2A1D;
			productRefGroup = 7D6F26FE1FB3CD8800EB2A1D /* Products */;
			projectDirPath = "";
			projectRoot = "";
			targets = (
				7D6F26FC1FB3CD8800EB2A1D /* Asim */,
			);
		};
/* End PBXProject section */

/* Begin PBXResourcesBuildPhase section */
		7D6F26FB1FB3CD8800EB2A1D /* Resources */ = {
			isa = PBXResourcesBuildPhase;
			buildActionMask = 2147483647;
			files = (
				7D6F270B1FB3CD8800EB2A1D /* LaunchScreen.storyboard in Resources */,
				7D6F27081FB3CD8800EB2A1D /* Assets.xcassets in Resources */,
				7D6F27061FB3CD8800EB2A1D /* Main.storyboard in Resources */,
			);
			runOnlyForDeploymentPostprocessing = 0;
		};
/* End PBXResourcesBuildPhase section */

/* Begin PBXSourcesBuildPhase section */
		7D6F26F91FB3CD8800EB2A1D /* Sources */ = {
			isa = PBXSourcesBuildPhase;
			buildActionMask = 2147483647;
			files = (
				7D9B5B641FB515800042F356 /* Combat Functions.swift in Sources */,
				7D6F27031FB3CD8800EB2A1D /* ViewController.swift in Sources */,
				7D6F27151FB3D7BA00EB2A1D /* Ship + ShipName.swift in Sources */,
				7D6F27011FB3CD8800EB2A1D /* AppDelegate.swift in Sources */,
			);
			runOnlyForDeploymentPostprocessing = 0;
		};
/* End PBXSourcesBuildPhase section */

/* Begin PBXVariantGroup section */
		7D6F27041FB3CD8800EB2A1D /* Main.storyboard */ = {
			isa = PBXVariantGroup;
			children = (
				7D6F27051FB3CD8800EB2A1D /* Base */,
			);
			name = Main.storyboard;
			sourceTree = "<group>";
		};
		7D6F27091FB3CD8800EB2A1D /* LaunchScreen.storyboard */ = {
			isa = PBXVariantGroup;
			children = (
				7D6F270A1FB3CD8800EB2A1D /* Base */,
			);
			name = LaunchScreen.storyboard;
			sourceTree = "<group>";
		};
/* End PBXVariantGroup section */

/* Begin XCBuildConfiguration section */
		7D6F270D1FB3CD8800EB2A1D /* Debug */ = {
			isa = XCBuildConfiguration;
			buildSettings = {
				ALWAYS_SEARCH_USER_PATHS = NO;
				CLANG_ANALYZER_NONNULL = YES;
				CLANG_ANALYZER_NUMBER_OBJECT_CONVERSION = YES_AGGRESSIVE;
				CLANG_CXX_LANGUAGE_STANDARD = "gnu++14";
				CLANG_CXX_LIBRARY = "libc++";
				CLANG_ENABLE_MODULES = YES;
				CLANG_ENABLE_OBJC_ARC = YES;
				CLANG_WARN_BLOCK_CAPTURE_AUTORELEASING = YES;
				CLANG_WARN_BOOL_CONVERSION = YES;
				CLANG_WARN_COMMA = YES;
				CLANG_WARN_CONSTANT_CONVERSION = YES;
				CLANG_WARN_DIRECT_OBJC_ISA_USAGE = YES_ERROR;
				CLANG_WARN_DOCUMENTATION_COMMENTS = YES;
				CLANG_WARN_EMPTY_BODY = YES;
				CLANG_WARN_ENUM_CONVERSION = YES;
				CLANG_WARN_INFINITE_RECURSION = YES;
				CLANG_WARN_INT_CONVERSION = YES;
				CLANG_WARN_NON_LITERAL_NULL_CONVERSION = YES;
				CLANG_WARN_OBJC_LITERAL_CONVERSION = YES;
				CLANG_WARN_OBJC_ROOT_CLASS = YES_ERROR;
				CLANG_WARN_RANGE_LOOP_ANALYSIS = YES;
				CLANG_WARN_STRICT_PROTOTYPES = YES;
				CLANG_WARN_SUSPICIOUS_MOVE = YES;
				CLANG_WARN_UNGUARDED_AVAILABILITY = YES_AGGRESSIVE;
				CLANG_WARN_UNREACHABLE_CODE = YES;
				CLANG_WARN__DUPLICATE_METHOD_MATCH = YES;
				CODE_SIGN_IDENTITY = "iPhone Developer";
				COPY_PHASE_STRIP = NO;
				DEBUG_INFORMATION_FORMAT = dwarf;
				ENABLE_STRICT_OBJC_MSGSEND = YES;
				ENABLE_TESTABILITY = YES;
				GCC_C_LANGUAGE_STANDARD = gnu11;
				GCC_DYNAMIC_NO_PIC = NO;
				GCC_NO_COMMON_BLOCKS = YES;
				GCC_OPTIMIZATION_LEVEL = 0;
				GCC_PREPROCESSOR_DEFINITIONS = (
					"DEBUG=1",
					"$(inherited)",
				);
				GCC_WARN_64_TO_32_BIT_CONVERSION = YES;
				GCC_WARN_ABOUT_RETURN_TYPE = YES_ERROR;
				GCC_WARN_UNDECLARED_SELECTOR = YES;
				GCC_WARN_UNINITIALIZED_AUTOS = YES_AGGRESSIVE;
				GCC_WARN_UNUSED_FUNCTION = YES;
				GCC_WARN_UNUSED_VARIABLE = YES;
				IPHONEOS_DEPLOYMENT_TARGET = 11.1;
				MTL_ENABLE_DEBUG_INFO = YES;
				ONLY_ACTIVE_ARCH = YES;
				SDKROOT = iphoneos;
				SWIFT_ACTIVE_COMPILATION_CONDITIONS = DEBUG;
				SWIFT_OPTIMIZATION_LEVEL = "-Onone";
			};
			name = Debug;
		};
		7D6F270E1FB3CD8800EB2A1D /* Release */ = {
			isa = XCBuildConfiguration;
			buildSettings = {
				ALWAYS_SEARCH_USER_PATHS = NO;
				CLANG_ANALYZER_NONNULL = YES;
				CLANG_ANALYZER_NUMBER_OBJECT_CONVERSION = YES_AGGRESSIVE;
				CLANG_CXX_LANGUAGE_STANDARD = "gnu++14";
				CLANG_CXX_LIBRARY = "libc++";
				CLANG_ENABLE_MODULES = YES;
				CLANG_ENABLE_OBJC_ARC = YES;
				CLANG_WARN_BLOCK_CAPTURE_AUTORELEASING = YES;
				CLANG_WARN_BOOL_CONVERSION = YES;
				CLANG_WARN_COMMA = YES;
				CLANG_WARN_CONSTANT_CONVERSION = YES;
				CLANG_WARN_DIRECT_OBJC_ISA_USAGE = YES_ERROR;
				CLANG_WARN_DOCUMENTATION_COMMENTS = YES;
				CLANG_WARN_EMPTY_BODY = YES;
				CLANG_WARN_ENUM_CONVERSION = YES;
				CLANG_WARN_INFINITE_RECURSION = YES;
				CLANG_WARN_INT_CONVERSION = YES;
				CLANG_WARN_NON_LITERAL_NULL_CONVERSION = YES;
				CLANG_WARN_OBJC_LITERAL_CONVERSION = YES;
				CLANG_WARN_OBJC_ROOT_CLASS = YES_ERROR;
				CLANG_WARN_RANGE_LOOP_ANALYSIS = YES;
				CLANG_WARN_STRICT_PROTOTYPES = YES;
				CLANG_WARN_SUSPICIOUS_MOVE = YES;
				CLANG_WARN_UNGUARDED_AVAILABILITY = YES_AGGRESSIVE;
				CLANG_WARN_UNREACHABLE_CODE = YES;
				CLANG_WARN__DUPLICATE_METHOD_MATCH = YES;
				CODE_SIGN_IDENTITY = "iPhone Developer";
				COPY_PHASE_STRIP = NO;
				DEBUG_INFORMATION_FORMAT = "dwarf-with-dsym";
				ENABLE_NS_ASSERTIONS = NO;
				ENABLE_STRICT_OBJC_MSGSEND = YES;
				GCC_C_LANGUAGE_STANDARD = gnu11;
				GCC_NO_COMMON_BLOCKS = YES;
				GCC_WARN_64_TO_32_BIT_CONVERSION = YES;
				GCC_WARN_ABOUT_RETURN_TYPE = YES_ERROR;
				GCC_WARN_UNDECLARED_SELECTOR = YES;
				GCC_WARN_UNINITIALIZED_AUTOS = YES_AGGRESSIVE;
				GCC_WARN_UNUSED_FUNCTION = YES;
				GCC_WARN_UNUSED_VARIABLE = YES;
				IPHONEOS_DEPLOYMENT_TARGET = 11.1;
				MTL_ENABLE_DEBUG_INFO = NO;
				SDKROOT = iphoneos;
				SWIFT_OPTIMIZATION_LEVEL = "-Owholemodule";
				VALIDATE_PRODUCT = YES;
			};
			name = Release;
		};
		7D6F27101FB3CD8800EB2A1D /* Debug */ = {
			isa = XCBuildConfiguration;
			buildSettings = {
				ASSETCATALOG_COMPILER_APPICON_NAME = AppIcon;
				CODE_SIGN_STYLE = Automatic;
				DEVELOPMENT_TEAM = B5G2XX6DXX;
				INFOPLIST_FILE = Asim/Info.plist;
				LD_RUNPATH_SEARCH_PATHS = "$(inherited) @executable_path/Frameworks";
				PRODUCT_BUNDLE_IDENTIFIER = laddyvia.Asim;
				PRODUCT_NAME = "$(TARGET_NAME)";
				SWIFT_VERSION = 4.0;
				TARGETED_DEVICE_FAMILY = "1,2";
			};
			name = Debug;
		};
		7D6F27111FB3CD8800EB2A1D /* Release */ = {
			isa = XCBuildConfiguration;
			buildSettings = {
				ASSETCATALOG_COMPILER_APPICON_NAME = AppIcon;
				CODE_SIGN_STYLE = Automatic;
				DEVELOPMENT_TEAM = B5G2XX6DXX;
				INFOPLIST_FILE = Asim/Info.plist;
				LD_RUNPATH_SEARCH_PATHS = "$(inherited) @executable_path/Frameworks";
				PRODUCT_BUNDLE_IDENTIFIER = laddyvia.Asim;
				PRODUCT_NAME = "$(TARGET_NAME)";
				SWIFT_VERSION = 4.0;
				TARGETED_DEVICE_FAMILY = "1,2";
			};
			name = Release;
		};
/* End XCBuildConfiguration section */

/* Begin XCConfigurationList section */
		7D6F26F81FB3CD8800EB2A1D /* Build configuration list for PBXProject "Asim" */ = {
			isa = XCConfigurationList;
			buildConfigurations = (
				7D6F270D1FB3CD8800EB2A1D /* Debug */,
				7D6F270E1FB3CD8800EB2A1D /* Release */,
			);
			defaultConfigurationIsVisible = 0;
			defaultConfigurationName = Release;
		};
		7D6F270F1FB3CD8800EB2A1D /* Build configuration list for PBXNativeTarget "Asim" */ = {
			isa = XCConfigurationList;
			buildConfigurations = (
				7D6F27101FB3CD8800EB2A1D /* Debug */,
				7D6F27111FB3CD8800EB2A1D /* Release */,
			);
			defaultConfigurationIsVisible = 0;
			defaultConfigurationName = Release;
		};
/* End XCConfigurationList section */
	};
	rootObject = 7D6F26F51FB3CD8800EB2A1D /* Project object */;
}
